
Microsoft Visual Studio Solution File, Format Version 12.00
# Visual Studio 15
VisualStudioVersion = 15.0.28307.438
MinimumVisualStudioVersion = 10.0.40219.1
Project("{9A19103F-16F7-4668-BE54-9A1E7A4F7556}") = "BooksLibrary.DTOModels", "BookLibrary.DTOModels\BooksLibrary.DTOModels.csproj", "{843A420B-1E3C-45C9-A1BB-4082EF14B2A4}"
EndProject
Project("{9A19103F-16F7-4668-BE54-9A1E7A4F7556}") = "BookLibrary.DAL", "BookLibrary.DAL\BookLibrary.DAL.csproj", "{46310372-274C-41E6-AC85-318D07473A00}"
EndProject
Project("{9A19103F-16F7-4668-BE54-9A1E7A4F7556}") = "BooksLibrary.WebApi", "BooksLibrary.WebApi\BooksLibrary.WebApi.csproj", "{E1577086-4541-4E1C-B31F-A9F4C40A805C}"
EndProject
Project("{9A19103F-16F7-4668-BE54-9A1E7A4F7556}") = "BooksLibrary.DAL", "BooksLibrary.DAL\BooksLibrary.DAL.csproj", "{D20560C2-BBB3-42C1-B999-CEC46EB190C9}"
EndProject
Project("{FAE04EC0-301F-11D3-BF4B-00C04F79EFBC}") = "BooksLibrary.Identity", "BooksLibrary.Identity\BooksLibrary.Identity.csproj", "{B6A37F82-053A-4DA6-956C-218469CD3B3F}"
EndProject
Project("{FAE04EC0-301F-11D3-BF4B-00C04F79EFBC}") = "BooksLibrary.Resource", "BooksLibrary.Resource\BooksLibrary.Resource.csproj", "{0BD7C9FE-EAE1-4BAD-B27B-C44AA8FF6846}"
EndProject
Global
	GlobalSection(SolutionConfigurationPlatforms) = preSolution
		Debug|Any CPU = Debug|Any CPU
		Release|Any CPU = Release|Any CPU
	EndGlobalSection
	GlobalSection(ProjectConfigurationPlatforms) = postSolution
		{843A420B-1E3C-45C9-A1BB-4082EF14B2A4}.Debug|Any CPU.ActiveCfg = Debug|Any CPU
		{843A420B-1E3C-45C9-A1BB-4082EF14B2A4}.Debug|Any CPU.Build.0 = Debug|Any CPU
		{843A420B-1E3C-45C9-A1BB-4082EF14B2A4}.Release|Any CPU.ActiveCfg = Release|Any CPU
		{843A420B-1E3C-45C9-A1BB-4082EF14B2A4}.Release|Any CPU.Build.0 = Release|Any CPU
		{46310372-274C-41E6-AC85-318D07473A00}.Debug|Any CPU.ActiveCfg = Debug|Any CPU
		{46310372-274C-41E6-AC85-318D07473A00}.Debug|Any CPU.Build.0 = Debug|Any CPU
		{46310372-274C-41E6-AC85-318D07473A00}.Release|Any CPU.ActiveCfg = Release|Any CPU
		{46310372-274C-41E6-AC85-318D07473A00}.Release|Any CPU.Build.0 = Release|Any CPU
		{E1577086-4541-4E1C-B31F-A9F4C40A805C}.Debug|Any CPU.ActiveCfg = Debug|Any CPU
		{E1577086-4541-4E1C-B31F-A9F4C40A805C}.Debug|Any CPU.Build.0 = Debug|Any CPU
		{E1577086-4541-4E1C-B31F-A9F4C40A805C}.Release|Any CPU.ActiveCfg = Release|Any CPU
		{E1577086-4541-4E1C-B31F-A9F4C40A805C}.Release|Any CPU.Build.0 = Release|Any CPU
		{D20560C2-BBB3-42C1-B999-CEC46EB190C9}.Debug|Any CPU.ActiveCfg = Debug|Any CPU
		{D20560C2-BBB3-42C1-B999-CEC46EB190C9}.Debug|Any CPU.Build.0 = Debug|Any CPU
		{D20560C2-BBB3-42C1-B999-CEC46EB190C9}.Release|Any CPU.ActiveCfg = Release|Any CPU
		{D20560C2-BBB3-42C1-B999-CEC46EB190C9}.Release|Any CPU.Build.0 = Release|Any CPU
		{B6A37F82-053A-4DA6-956C-218469CD3B3F}.Debug|Any CPU.ActiveCfg = Debug|Any CPU
		{B6A37F82-053A-4DA6-956C-218469CD3B3F}.Debug|Any CPU.Build.0 = Debug|Any CPU
		{B6A37F82-053A-4DA6-956C-218469CD3B3F}.Release|Any CPU.ActiveCfg = Release|Any CPU
		{B6A37F82-053A-4DA6-956C-218469CD3B3F}.Release|Any CPU.Build.0 = Release|Any CPU
		{0BD7C9FE-EAE1-4BAD-B27B-C44AA8FF6846}.Debug|Any CPU.ActiveCfg = Debug|Any CPU
		{0BD7C9FE-EAE1-4BAD-B27B-C44AA8FF6846}.Debug|Any CPU.Build.0 = Debug|Any CPU
		{0BD7C9FE-EAE1-4BAD-B27B-C44AA8FF6846}.Release|Any CPU.ActiveCfg = Release|Any CPU
		{0BD7C9FE-EAE1-4BAD-B27B-C44AA8FF6846}.Release|Any CPU.Build.0 = Release|Any CPU
	EndGlobalSection
	GlobalSection(SolutionProperties) = preSolution
		HideSolutionNode = FALSE
	EndGlobalSection
	GlobalSection(ExtensibilityGlobals) = postSolution
		SolutionGuid = {63268297-91A9-4303-B60A-45BFCA3BB501}
	EndGlobalSection
EndGlobal
