
Microsoft Visual Studio Solution File, Format Version 12.00
# Visual Studio 15
VisualStudioVersion = 15.0.27703.2035
MinimumVisualStudioVersion = 10.0.40219.1
Project("{FAE04EC0-301F-11D3-BF4B-00C04F79EFBC}") = "GameLogicBlackJack", "GameLogicBlackJack\GameLogicBlackJack.csproj", "{625FA5EC-F233-496A-ADF6-8DD15DEB7552}"
EndProject
Project("{FAE04EC0-301F-11D3-BF4B-00C04F79EFBC}") = "GameLogicBlackJack.DataAccessLayer", "GameLogicBlackJack.DataAccess\GameLogicBlackJack.DataAccessLayer.csproj", "{18FCB1C9-A6FD-4D49-8FB0-4E3C79AEAC48}"
EndProject
Project("{FAE04EC0-301F-11D3-BF4B-00C04F79EFBC}") = "GameLogicBlackJack.BusinessLogic", "GameLogicBlackJack.BusinessLogic\GameLogicBlackJack.BusinessLogic.csproj", "{3ED6358C-9ED4-41E2-A389-7444ACC26C3C}"
EndProject
Global
	GlobalSection(SolutionConfigurationPlatforms) = preSolution
		Debug|Any CPU = Debug|Any CPU
		Debug|ARM = Debug|ARM
		Debug|x64 = Debug|x64
		Debug|x86 = Debug|x86
		Release|Any CPU = Release|Any CPU
		Release|ARM = Release|ARM
		Release|x64 = Release|x64
		Release|x86 = Release|x86
	EndGlobalSection
	GlobalSection(ProjectConfigurationPlatforms) = postSolution
		{625FA5EC-F233-496A-ADF6-8DD15DEB7552}.Debug|Any CPU.ActiveCfg = Debug|Any CPU
		{625FA5EC-F233-496A-ADF6-8DD15DEB7552}.Debug|Any CPU.Build.0 = Debug|Any CPU
		{625FA5EC-F233-496A-ADF6-8DD15DEB7552}.Debug|ARM.ActiveCfg = Debug|Any CPU
		{625FA5EC-F233-496A-ADF6-8DD15DEB7552}.Debug|ARM.Build.0 = Debug|Any CPU
		{625FA5EC-F233-496A-ADF6-8DD15DEB7552}.Debug|x64.ActiveCfg = Debug|Any CPU
		{625FA5EC-F233-496A-ADF6-8DD15DEB7552}.Debug|x64.Build.0 = Debug|Any CPU
		{625FA5EC-F233-496A-ADF6-8DD15DEB7552}.Debug|x86.ActiveCfg = Debug|Any CPU
		{625FA5EC-F233-496A-ADF6-8DD15DEB7552}.Debug|x86.Build.0 = Debug|Any CPU
		{625FA5EC-F233-496A-ADF6-8DD15DEB7552}.Release|Any CPU.ActiveCfg = Release|Any CPU
		{625FA5EC-F233-496A-ADF6-8DD15DEB7552}.Release|Any CPU.Build.0 = Release|Any CPU
		{625FA5EC-F233-496A-ADF6-8DD15DEB7552}.Release|ARM.ActiveCfg = Release|Any CPU
		{625FA5EC-F233-496A-ADF6-8DD15DEB7552}.Release|ARM.Build.0 = Release|Any CPU
		{625FA5EC-F233-496A-ADF6-8DD15DEB7552}.Release|x64.ActiveCfg = Release|Any CPU
		{625FA5EC-F233-496A-ADF6-8DD15DEB7552}.Release|x64.Build.0 = Release|Any CPU
		{625FA5EC-F233-496A-ADF6-8DD15DEB7552}.Release|x86.ActiveCfg = Release|Any CPU
		{625FA5EC-F233-496A-ADF6-8DD15DEB7552}.Release|x86.Build.0 = Release|Any CPU
		{18FCB1C9-A6FD-4D49-8FB0-4E3C79AEAC48}.Debug|Any CPU.ActiveCfg = Debug|Any CPU
		{18FCB1C9-A6FD-4D49-8FB0-4E3C79AEAC48}.Debug|Any CPU.Build.0 = Debug|Any CPU
		{18FCB1C9-A6FD-4D49-8FB0-4E3C79AEAC48}.Debug|ARM.ActiveCfg = Debug|Any CPU
		{18FCB1C9-A6FD-4D49-8FB0-4E3C79AEAC48}.Debug|ARM.Build.0 = Debug|Any CPU
		{18FCB1C9-A6FD-4D49-8FB0-4E3C79AEAC48}.Debug|x64.ActiveCfg = Debug|Any CPU
		{18FCB1C9-A6FD-4D49-8FB0-4E3C79AEAC48}.Debug|x64.Build.0 = Debug|Any CPU
		{18FCB1C9-A6FD-4D49-8FB0-4E3C79AEAC48}.Debug|x86.ActiveCfg = Debug|Any CPU
		{18FCB1C9-A6FD-4D49-8FB0-4E3C79AEAC48}.Debug|x86.Build.0 = Debug|Any CPU
		{18FCB1C9-A6FD-4D49-8FB0-4E3C79AEAC48}.Release|Any CPU.ActiveCfg = Release|Any CPU
		{18FCB1C9-A6FD-4D49-8FB0-4E3C79AEAC48}.Release|Any CPU.Build.0 = Release|Any CPU
		{18FCB1C9-A6FD-4D49-8FB0-4E3C79AEAC48}.Release|ARM.ActiveCfg = Release|Any CPU
		{18FCB1C9-A6FD-4D49-8FB0-4E3C79AEAC48}.Release|ARM.Build.0 = Release|Any CPU
		{18FCB1C9-A6FD-4D49-8FB0-4E3C79AEAC48}.Release|x64.ActiveCfg = Release|Any CPU
		{18FCB1C9-A6FD-4D49-8FB0-4E3C79AEAC48}.Release|x64.Build.0 = Release|Any CPU
		{18FCB1C9-A6FD-4D49-8FB0-4E3C79AEAC48}.Release|x86.ActiveCfg = Release|Any CPU
		{18FCB1C9-A6FD-4D49-8FB0-4E3C79AEAC48}.Release|x86.Build.0 = Release|Any CPU
		{3ED6358C-9ED4-41E2-A389-7444ACC26C3C}.Debug|Any CPU.ActiveCfg = Debug|Any CPU
		{3ED6358C-9ED4-41E2-A389-7444ACC26C3C}.Debug|Any CPU.Build.0 = Debug|Any CPU
		{3ED6358C-9ED4-41E2-A389-7444ACC26C3C}.Debug|ARM.ActiveCfg = Debug|Any CPU
		{3ED6358C-9ED4-41E2-A389-7444ACC26C3C}.Debug|ARM.Build.0 = Debug|Any CPU
		{3ED6358C-9ED4-41E2-A389-7444ACC26C3C}.Debug|x64.ActiveCfg = Debug|Any CPU
		{3ED6358C-9ED4-41E2-A389-7444ACC26C3C}.Debug|x64.Build.0 = Debug|Any CPU
		{3ED6358C-9ED4-41E2-A389-7444ACC26C3C}.Debug|x86.ActiveCfg = Debug|Any CPU
		{3ED6358C-9ED4-41E2-A389-7444ACC26C3C}.Debug|x86.Build.0 = Debug|Any CPU
		{3ED6358C-9ED4-41E2-A389-7444ACC26C3C}.Release|Any CPU.ActiveCfg = Release|Any CPU
		{3ED6358C-9ED4-41E2-A389-7444ACC26C3C}.Release|Any CPU.Build.0 = Release|Any CPU
		{3ED6358C-9ED4-41E2-A389-7444ACC26C3C}.Release|ARM.ActiveCfg = Release|Any CPU
		{3ED6358C-9ED4-41E2-A389-7444ACC26C3C}.Release|ARM.Build.0 = Release|Any CPU
		{3ED6358C-9ED4-41E2-A389-7444ACC26C3C}.Release|x64.ActiveCfg = Release|Any CPU
		{3ED6358C-9ED4-41E2-A389-7444ACC26C3C}.Release|x64.Build.0 = Release|Any CPU
		{3ED6358C-9ED4-41E2-A389-7444ACC26C3C}.Release|x86.ActiveCfg = Release|Any CPU
		{3ED6358C-9ED4-41E2-A389-7444ACC26C3C}.Release|x86.Build.0 = Release|Any CPU
	EndGlobalSection
	GlobalSection(SolutionProperties) = preSolution
		HideSolutionNode = FALSE
	EndGlobalSection
	GlobalSection(ExtensibilityGlobals) = postSolution
		SolutionGuid = {44D8BB20-AA44-40C2-9BC5-DB69340E52B7}
	EndGlobalSection
EndGlobal
