
Microsoft Visual Studio Solution File, Format Version 12.00
# Visual Studio 15
VisualStudioVersion = 15.0.27703.2035
MinimumVisualStudioVersion = 10.0.40219.1
Project("{FAE04EC0-301F-11D3-BF4B-00C04F79EFBC}") = "ASP.stading", "ASP.stading\ASP.stading.csproj", "{AB0C9466-68FA-4BFF-AEA1-99DE8841C1AA}"
EndProject
Global
	GlobalSection(SolutionConfigurationPlatforms) = preSolution
		Debug|Any CPU = Debug|Any CPU
		Release|Any CPU = Release|Any CPU
	EndGlobalSection
	GlobalSection(ProjectConfigurationPlatforms) = postSolution
		{AB0C9466-68FA-4BFF-AEA1-99DE8841C1AA}.Debug|Any CPU.ActiveCfg = Debug|Any CPU
		{AB0C9466-68FA-4BFF-AEA1-99DE8841C1AA}.Debug|Any CPU.Build.0 = Debug|Any CPU
		{AB0C9466-68FA-4BFF-AEA1-99DE8841C1AA}.Release|Any CPU.ActiveCfg = Release|Any CPU
		{AB0C9466-68FA-4BFF-AEA1-99DE8841C1AA}.Release|Any CPU.Build.0 = Release|Any CPU
	EndGlobalSection
	GlobalSection(SolutionProperties) = preSolution
		HideSolutionNode = FALSE
	EndGlobalSection
	GlobalSection(ExtensibilityGlobals) = postSolution
		SolutionGuid = {D6D69A97-B879-47CA-9E2B-80D1A06D3103}
	EndGlobalSection
EndGlobal
